
Microsoft Visual Studio Solution File, Format Version 12.00
# Visual Studio Version 17
VisualStudioVersion = 17.13.35931.197 d17.13
MinimumVisualStudioVersion = 10.0.40219.1
Project("{FAE04EC0-301F-11D3-BF4B-00C04F79EFBC}") = "TokeroInterviewIntegrationTests", "TokeroInterviewIntegrationTests\TokeroInterviewIntegrationTests.csproj", "{7784F19B-B850-410F-A670-4FA7A70B115B}"
EndProject
Global
	GlobalSection(SolutionConfigurationPlatforms) = preSolution
		Debug|Any CPU = Debug|Any CPU
		Release|Any CPU = Release|Any CPU
	EndGlobalSection
	GlobalSection(ProjectConfigurationPlatforms) = postSolution
		{7784F19B-B850-410F-A670-4FA7A70B115B}.Debug|Any CPU.ActiveCfg = Debug|Any CPU
		{7784F19B-B850-410F-A670-4FA7A70B115B}.Debug|Any CPU.Build.0 = Debug|Any CPU
		{7784F19B-B850-410F-A670-4FA7A70B115B}.Release|Any CPU.ActiveCfg = Release|Any CPU
		{7784F19B-B850-410F-A670-4FA7A70B115B}.Release|Any CPU.Build.0 = Release|Any CPU
	EndGlobalSection
	GlobalSection(SolutionProperties) = preSolution
		HideSolutionNode = FALSE
	EndGlobalSection
	GlobalSection(ExtensibilityGlobals) = postSolution
		SolutionGuid = {41D41BE6-E63A-466F-BF60-9E952D3BCD83}
	EndGlobalSection
EndGlobal
